
Microsoft Visual Studio Solution File, Format Version 12.00
# Visual Studio Version 16
VisualStudioVersion = 16.0.28803.352
MinimumVisualStudioVersion = 10.0.40219.1
Project("{FAE04EC0-301F-11D3-BF4B-00C04F79EFBC}") = "WpfWishLists", "WpfWishLists\WpfWishLists.csproj", "{C74CD1D6-BC97-43C9-B9D6-0DB22C149BDA}"
EndProject
Global
	GlobalSection(SolutionConfigurationPlatforms) = preSolution
		Debug|Any CPU = Debug|Any CPU
		Release|Any CPU = Release|Any CPU
	EndGlobalSection
	GlobalSection(ProjectConfigurationPlatforms) = postSolution
		{C74CD1D6-BC97-43C9-B9D6-0DB22C149BDA}.Debug|Any CPU.ActiveCfg = Debug|Any CPU
		{C74CD1D6-BC97-43C9-B9D6-0DB22C149BDA}.Debug|Any CPU.Build.0 = Debug|Any CPU
		{C74CD1D6-BC97-43C9-B9D6-0DB22C149BDA}.Release|Any CPU.ActiveCfg = Release|Any CPU
		{C74CD1D6-BC97-43C9-B9D6-0DB22C149BDA}.Release|Any CPU.Build.0 = Release|Any CPU
	EndGlobalSection
	GlobalSection(SolutionProperties) = preSolution
		HideSolutionNode = FALSE
	EndGlobalSection
	GlobalSection(ExtensibilityGlobals) = postSolution
		SolutionGuid = {34C8C827-B72C-4D82-9F4F-FC18F962D9D2}
	EndGlobalSection
EndGlobal
